# THIS IS AN AUTOGENERATED FILE. DO NOT EDIT THIS FILE DIRECTLY.
# yarn lockfile v1


mitata@1.0.34:
  version "1.0.34"
  resolved "https://registry.yarnpkg.com/mitata/-/mitata-1.0.34.tgz#131f500d58c0bdc958095ab64f637d6fe1cf101a"
  integrity sha512-Mc3zrtNBKIMeHSCQ0XqRLo1vbdIx1wvFV9c8NJAiyho6AjNfMY8bVhbS12bwciUdd1t4rj8099CH3N3NFahaUA==
