# THIS IS AN AUTOGENERATED FILE. DO NOT EDIT THIS FILE DIRECTLY.
# yarn lockfile v1


dc-polyfill@0.1.10:
  version "0.1.10"
  resolved "https://registry.yarnpkg.com/dc-polyfill/-/dc-polyfill-0.1.10.tgz#6f2ada1a9e449587c363ca98cfb79b443cf74b70"
  integrity sha512-9iSbB8XZ7aIrhUtWI5ulEOJ+IyUN+axquodHK+bZO4r7HfY/xwmo6I4fYYf+aiDom+WMcN/wnzCz+pKvHDDCug==
